# THIS IS AN AUTOGENERATED FILE. DO NOT EDIT THIS FILE DIRECTLY.
# yarn lockfile v1


"@material/animation@^13.0.0":
  "integrity" "sha512-YR0/u4u56qXDjKYolQ7F+IvlPkaSBhMl/dZv8DK0FbD6PH4ckOPd3bEXNRndXtprsxwknQQP2pttjPImylkl0g=="
  "resolved" "https://registry.npmjs.org/@material/animation/-/animation-13.0.0.tgz"
  "version" "13.0.0"
  dependencies:
    "tslib" "^2.1.0"

"@material/base@^13.0.0":
  "integrity" "sha512-vFx0JryRfcvUNX3cZ2u32wUMvxzd+c/YW0LFOXNgqCDWlubHcMm0Y6Wz371LhfQo80/NE69u+/4Joo99yKnVeg=="
  "resolved" "https://registry.npmjs.org/@material/base/-/base-13.0.0.tgz"
  "version" "13.0.0"
  dependencies:
    "tslib" "^2.1.0"

"@material/dom@^13.0.0":
  "integrity" "sha512-M9HLAYBZtkTUvf66FL+jAEvUOdhji1HkGA1mV6oyE+HY9gkCkmso+mngvzlLd5+uaAVE9I3WQFhSb9gp0cpXnw=="
  "resolved" "https://registry.npmjs.org/@material/dom/-/dom-13.0.0.tgz"
  "version" "13.0.0"
  dependencies:
    "@material/feature-targeting" "^13.0.0"
    "tslib" "^2.1.0"

"@material/elevation@^13.0.0":
  "integrity" "sha512-hzdblgamVRbC0UwKafcvUVDvKzMiOSveDiwGgFk+EAg/tZRdwMlQPyf/9I6Lr8Cw/pNGnEOPhmCDOYPOHimr0w=="
  "resolved" "https://registry.npmjs.org/@material/elevation/-/elevation-13.0.0.tgz"
  "version" "13.0.0"
  dependencies:
    "@material/animation" "^13.0.0"
    "@material/base" "^13.0.0"
    "@material/feature-targeting" "^13.0.0"
    "@material/rtl" "^13.0.0"
    "@material/theme" "^13.0.0"
    "tslib" "^2.1.0"

"@material/feature-targeting@^13.0.0":
  "integrity" "sha512-QJClfeaA4EMyAxKJy9WR0Nx+/VwSZCkhGLUVBG9NhxqYGfl/LtaeaidrNm32vYEoNZAofN92VD2RwQTRwp/dMQ=="
  "resolved" "https://registry.npmjs.org/@material/feature-targeting/-/feature-targeting-13.0.0.tgz"
  "version" "13.0.0"
  dependencies:
    "tslib" "^2.1.0"

"@material/rtl@^13.0.0":
  "integrity" "sha512-nFGy3iQg7k+xLs67eb86mRFVLwa0yi7MusqRK4OM8DXcLO5yoVfUTPKpdSykcbRryp9imVHsxutox2tZawR4og=="
  "resolved" "https://registry.npmjs.org/@material/rtl/-/rtl-13.0.0.tgz"
  "version" "13.0.0"
  dependencies:
    "@material/theme" "^13.0.0"
    "tslib" "^2.1.0"

"@material/shape@^13.0.0":
  "integrity" "sha512-exk96+iCjzCujk3aSrvIMhmW773s1Tc0h+MbQKbt6Iv3nHJCyLSiRbxclCHXWHrVwG/9KZRkrt/g2qk7P3VRBg=="
  "resolved" "https://registry.npmjs.org/@material/shape/-/shape-13.0.0.tgz"
  "version" "13.0.0"
  dependencies:
    "@material/feature-targeting" "^13.0.0"
    "@material/rtl" "^13.0.0"
    "@material/theme" "^13.0.0"
    "tslib" "^2.1.0"

"@material/theme@^13.0.0":
  "integrity" "sha512-KAe1s0MvvfCGAwJliDVTvgAKuD3ESwhl7F7br4Iam4IPdqME2rWl8NPhKHFfaWqTG7PyCgMMngYEYuA8cLNTsA=="
  "resolved" "https://registry.npmjs.org/@material/theme/-/theme-13.0.0.tgz"
  "version" "13.0.0"
  dependencies:
    "@material/feature-targeting" "^13.0.0"
    "tslib" "^2.1.0"

"@material/typography@^13.0.0":
  "integrity" "sha512-UfaK4vT3LmGiiySf2RVIrf7fJZa6EJadFwo4YUMJx9bvUMRlBm1oI8Vo9fYpKdLfuSTeA+2BlgbwYVObj3laFw=="
  "resolved" "https://registry.npmjs.org/@material/typography/-/typography-13.0.0.tgz"
  "version" "13.0.0"
  dependencies:
    "@material/feature-targeting" "^13.0.0"
    "@material/theme" "^13.0.0"
    "tslib" "^2.1.0"

"@rgossiaux/svelte-headlessui@^1.0.2":
  "integrity" "sha512-sauopYTSivhzXe1kAvgawkhyYJcQlK8Li3p0d2OtcCIVprOzdbard5lbqWB4xHDv83zAobt2mR08oizO2poHLQ=="
  "resolved" "https://registry.npmjs.org/@rgossiaux/svelte-headlessui/-/svelte-headlessui-1.0.2.tgz"
  "version" "1.0.2"

"@rgossiaux/svelte-heroicons@^0.1.2":
  "integrity" "sha512-c5Ep1QDvBo9HD/P0AxbXItDbn6x77fldCjjL0aBjNseUntV4fkdHkBde1IaLr8i0kmrhTSovjkIen8W83jUPzg=="
  "resolved" "https://registry.npmjs.org/@rgossiaux/svelte-heroicons/-/svelte-heroicons-0.1.2.tgz"
  "version" "0.1.2"

"@rollup/pluginutils@^4.2.1":
  "integrity" "sha512-iKnFXr7NkdZAIHiIWE+BX5ULi/ucVFYWD6TbAV+rZctiRTY2PL6tsIKhoIOaoskiWAkgu+VsbXgUVDNLHf+InQ=="
  "resolved" "https://registry.npmjs.org/@rollup/pluginutils/-/pluginutils-4.2.1.tgz"
  "version" "4.2.1"
  dependencies:
    "estree-walker" "^2.0.1"
    "picomatch" "^2.2.2"

"@smui/common@^6.0.0":
  "integrity" "sha512-FU9e/1+KnocxjNfOl3Cdpb+nJEXXnvyfTDUPsBV5bJ0tfOVhfEf3wb0maIGx2wZF1hWyRXlkrk8cU0coBwfGjQ=="
  "resolved" "https://registry.npmjs.org/@smui/common/-/common-6.0.0.tgz"
  "version" "6.0.0"
  dependencies:
    "@material/dom" "^13.0.0"
    "@tsconfig/svelte" "^3.0.0"
    "svelte2tsx" "^0.5.12"

"@smui/paper@^6.0.0":
  "integrity" "sha512-zfctECCdRMIcK7lSx0IX8HmK8dj0XJci8R+S71kViPCr/08A5yTRyjWsVUEZY4ouKp9+RVBgeEJE+r6iGR0iqQ=="
  "resolved" "https://registry.npmjs.org/@smui/paper/-/paper-6.0.0.tgz"
  "version" "6.0.0"
  dependencies:
    "@material/elevation" "^13.0.0"
    "@material/feature-targeting" "^13.0.0"
    "@material/shape" "^13.0.0"
    "@material/theme" "^13.0.0"
    "@material/typography" "^13.0.0"
    "@smui/common" "^6.0.0"
    "svelte2tsx" "^0.5.12"

"@sveltejs/vite-plugin-svelte@^1.0.1":
  "integrity" "sha512-PorCgUounn0VXcpeJu+hOweZODKmGuLHsLomwqSj+p26IwjjGffmYQfVHtiTWq+NqaUuuHWWG7vPge6UFw4Aeg=="
  "resolved" "https://registry.npmjs.org/@sveltejs/vite-plugin-svelte/-/vite-plugin-svelte-1.0.1.tgz"
  "version" "1.0.1"
  dependencies:
    "@rollup/pluginutils" "^4.2.1"
    "debug" "^4.3.4"
    "deepmerge" "^4.2.2"
    "kleur" "^4.1.5"
    "magic-string" "^0.26.2"
    "svelte-hmr" "^0.14.12"

"@tsconfig/svelte@^3.0.0":
  "integrity" "sha512-pYrtLtOwku/7r1i9AMONsJMVYAtk3hzOfiGNekhtq5tYBGA7unMve8RvUclKLMT3PrihvJqUmzsRGh0RP84hKg=="
  "resolved" "https://registry.npmjs.org/@tsconfig/svelte/-/svelte-3.0.0.tgz"
  "version" "3.0.0"

"debug@^4.3.4":
  "integrity" "sha512-PRWFHuSU3eDtQJPvnNY7Jcket1j0t5OuOsFzPPzsekD52Zl8qUfFIPEiswXqIvHWGVHOgX+7G/vCNNhehwxfkQ=="
  "resolved" "https://registry.npmjs.org/debug/-/debug-4.3.4.tgz"
  "version" "4.3.4"
  dependencies:
    "ms" "2.1.2"

"dedent-js@^1.0.1":
  "integrity" "sha512-OUepMozQULMLUmhxS95Vudo0jb0UchLimi3+pQ2plj61Fcy8axbP9hbiD4Sz6DPqn6XG3kfmziVfQ1rSys5AJQ=="
  "resolved" "https://registry.npmjs.org/dedent-js/-/dedent-js-1.0.1.tgz"
  "version" "1.0.1"

"deepmerge@^4.2.2":
  "integrity" "sha512-FJ3UgI4gIl+PHZm53knsuSFpE+nESMr7M4v9QcgB7S63Kj/6WqMiFQJpBBYz1Pt+66bZpP3Q7Lye0Oo9MPKEdg=="
  "resolved" "https://registry.npmjs.org/deepmerge/-/deepmerge-4.2.2.tgz"
  "version" "4.2.2"

"esbuild-linux-64@0.14.54":
  "integrity" "sha512-EgjAgH5HwTbtNsTqQOXWApBaPVdDn7XcK+/PtJwZLT1UmpLoznPd8c5CxqsH2dQK3j05YsB3L17T8vE7cp4cCg=="
  "resolved" "https://registry.npmjs.org/esbuild-linux-64/-/esbuild-linux-64-0.14.54.tgz"
  "version" "0.14.54"

"esbuild@^0.14.47":
  "integrity" "sha512-Cy9llcy8DvET5uznocPyqL3BFRrFXSVqbgpMJ9Wz8oVjZlh/zUSNbPRbov0VX7VxN2JH1Oa0uNxZ7eLRb62pJA=="
  "resolved" "https://registry.npmjs.org/esbuild/-/esbuild-0.14.54.tgz"
  "version" "0.14.54"
  optionalDependencies:
    "@esbuild/linux-loong64" "0.14.54"
    "esbuild-android-64" "0.14.54"
    "esbuild-android-arm64" "0.14.54"
    "esbuild-darwin-64" "0.14.54"
    "esbuild-darwin-arm64" "0.14.54"
    "esbuild-freebsd-64" "0.14.54"
    "esbuild-freebsd-arm64" "0.14.54"
    "esbuild-linux-32" "0.14.54"
    "esbuild-linux-64" "0.14.54"
    "esbuild-linux-arm" "0.14.54"
    "esbuild-linux-arm64" "0.14.54"
    "esbuild-linux-mips64le" "0.14.54"
    "esbuild-linux-ppc64le" "0.14.54"
    "esbuild-linux-riscv64" "0.14.54"
    "esbuild-linux-s390x" "0.14.54"
    "esbuild-netbsd-64" "0.14.54"
    "esbuild-openbsd-64" "0.14.54"
    "esbuild-sunos-64" "0.14.54"
    "esbuild-windows-32" "0.14.54"
    "esbuild-windows-64" "0.14.54"
    "esbuild-windows-arm64" "0.14.54"

"estree-walker@^2.0.1":
  "integrity" "sha512-Rfkk/Mp/DL7JVje3u18FxFujQlTNR2q6QfMSMB7AvCBx91NGj/ba3kCfza0f6dVDbw7YlRf/nDrn7pQrCCyQ/w=="
  "resolved" "https://registry.npmjs.org/estree-walker/-/estree-walker-2.0.2.tgz"
  "version" "2.0.2"

"function-bind@^1.1.1":
  "integrity" "sha512-yIovAzMX49sF8Yl58fSCWJ5svSLuaibPxXQJFLmBObTuCr0Mf1KiPopGM9NiFjiYBCbfaa2Fh6breQ6ANVTI0A=="
  "resolved" "https://registry.npmjs.org/function-bind/-/function-bind-1.1.1.tgz"
  "version" "1.1.1"

"has@^1.0.3":
  "integrity" "sha512-f2dvO0VU6Oej7RkWJGrehjbzMAjFp5/VKPp5tTpWIV4JHHZK1/BxbFRtf/siA2SWTe09caDmVtYYzWEIbBS4zw=="
  "resolved" "https://registry.npmjs.org/has/-/has-1.0.3.tgz"
  "version" "1.0.3"
  dependencies:
    "function-bind" "^1.1.1"

"is-core-module@^2.9.0":
  "integrity" "sha512-Erxj2n/LDAZ7H8WNJXd9tw38GYM3dv8rk8Zcs+jJuxYTW7sozH+SS8NtrSjVL1/vpLvWi1hxy96IzjJ3EHTJJg=="
  "resolved" "https://registry.npmjs.org/is-core-module/-/is-core-module-2.10.0.tgz"
  "version" "2.10.0"
  dependencies:
    "has" "^1.0.3"

"kleur@^4.1.5":
  "integrity" "sha512-o+NO+8WrRiQEE4/7nwRJhN1HWpVmJm511pBHUxPLtp0BUISzlBplORYSmTclCnJvQq2tKu/sgl3xVpkc7ZWuQQ=="
  "resolved" "https://registry.npmjs.org/kleur/-/kleur-4.1.5.tgz"
  "version" "4.1.5"

"lower-case@^2.0.2":
  "integrity" "sha512-7fm3l3NAF9WfN6W3JOmf5drwpVqX78JtoGJ3A6W0a6ZnldM41w2fV5D490psKFTpMds8TJse/eHLFFsNHHjHgg=="
  "resolved" "https://registry.npmjs.org/lower-case/-/lower-case-2.0.2.tgz"
  "version" "2.0.2"
  dependencies:
    "tslib" "^2.0.3"

"magic-string@^0.26.2":
  "integrity" "sha512-NzzlXpclt5zAbmo6h6jNc8zl2gNRGHvmsZW4IvZhTC4W7k4OlLP+S5YLussa/r3ixNT66KOQfNORlXHSOy/X4A=="
  "resolved" "https://registry.npmjs.org/magic-string/-/magic-string-0.26.2.tgz"
  "version" "0.26.2"
  dependencies:
    "sourcemap-codec" "^1.4.8"

"ms@2.1.2":
  "integrity" "sha512-sGkPx+VjMtmA6MX27oA4FBFELFCZZ4S4XqeGOXCv68tT+jb3vk/RyaKWP0PTKyWtmLSM0b+adUTEvbs1PEaH2w=="
  "resolved" "https://registry.npmjs.org/ms/-/ms-2.1.2.tgz"
  "version" "2.1.2"

"nanoid@^3.3.4":
  "integrity" "sha512-MqBkQh/OHTS2egovRtLk45wEyNXwF+cokD+1YPf9u5VfJiRdAiRwB2froX5Co9Rh20xs4siNPm8naNotSD6RBw=="
  "resolved" "https://registry.npmjs.org/nanoid/-/nanoid-3.3.4.tgz"
  "version" "3.3.4"

"no-case@^3.0.4":
  "integrity" "sha512-fgAN3jGAh+RoxUGZHTSOLJIqUc2wmoBwGR4tbpNAKmmovFoWq0OdRkb0VkldReO2a2iBT/OEulG9XSUc10r3zg=="
  "resolved" "https://registry.npmjs.org/no-case/-/no-case-3.0.4.tgz"
  "version" "3.0.4"
  dependencies:
    "lower-case" "^2.0.2"
    "tslib" "^2.0.3"

"pascal-case@^3.1.1":
  "integrity" "sha512-uWlGT3YSnK9x3BQJaOdcZwrnV6hPpd8jFH1/ucpiLRPh/2zCVJKS19E4GvYHvaCcACn3foXZ0cLB9Wrx1KGe5g=="
  "resolved" "https://registry.npmjs.org/pascal-case/-/pascal-case-3.1.2.tgz"
  "version" "3.1.2"
  dependencies:
    "no-case" "^3.0.4"
    "tslib" "^2.0.3"

"path-parse@^1.0.7":
  "integrity" "sha512-LDJzPVEEEPR+y48z93A0Ed0yXb8pAByGWo/k5YYdYgpY2/2EsOsksJrq7lOHxryrVOn1ejG6oAp8ahvOIQD8sw=="
  "resolved" "https://registry.npmjs.org/path-parse/-/path-parse-1.0.7.tgz"
  "version" "1.0.7"

"picocolors@^1.0.0":
  "integrity" "sha512-1fygroTLlHu66zi26VoTDv8yRgm0Fccecssto+MhsZ0D/DGW2sm8E8AjW7NU5VVTRt5GxbeZ5qBuJr+HyLYkjQ=="
  "resolved" "https://registry.npmjs.org/picocolors/-/picocolors-1.0.0.tgz"
  "version" "1.0.0"

"picomatch@^2.2.2":
  "integrity" "sha512-JU3teHTNjmE2VCGFzuY8EXzCDVwEqB2a8fsIvwaStHhAWJEeVd1o1QD80CU6+ZdEXXSLbSsuLwJjkCBWqRQUVA=="
  "resolved" "https://registry.npmjs.org/picomatch/-/picomatch-2.3.1.tgz"
  "version" "2.3.1"

"postcss@^8.4.16":
  "integrity" "sha512-ipHE1XBvKzm5xI7hiHCZJCSugxvsdq2mPnsq5+UF+VHCjiBvtDrlxJfMBToWaP9D5XlgNmcFGqoHmUn0EYEaRQ=="
  "resolved" "https://registry.npmjs.org/postcss/-/postcss-8.4.16.tgz"
  "version" "8.4.16"
  dependencies:
    "nanoid" "^3.3.4"
    "picocolors" "^1.0.0"
    "source-map-js" "^1.0.2"

"resolve@^1.22.1":
  "integrity" "sha512-nBpuuYuY5jFsli/JIs1oldw6fOQCBioohqWZg/2hiaOybXOft4lonv85uDOKXdf8rhyK159cxU5cDcK/NKk8zw=="
  "resolved" "https://registry.npmjs.org/resolve/-/resolve-1.22.1.tgz"
  "version" "1.22.1"
  dependencies:
    "is-core-module" "^2.9.0"
    "path-parse" "^1.0.7"
    "supports-preserve-symlinks-flag" "^1.0.0"

"rollup@^2.75.6":
  "integrity" "sha512-m/4YzYgLcpMQbxX3NmAqDvwLATZzxt8bIegO78FZLl+lAgKJBd1DRAOeEiZcKOIOPjxE6ewHWHNgGEalFXuz1g=="
  "resolved" "https://registry.npmjs.org/rollup/-/rollup-2.77.2.tgz"
  "version" "2.77.2"
  optionalDependencies:
    "fsevents" "~2.3.2"

"source-map-js@^1.0.2":
  "integrity" "sha512-R0XvVJ9WusLiqTCEiGCmICCMplcCkIwwR11mOSD9CR5u+IXYdiseeEuXCVAjS54zqwkLcPNnmU4OeJ6tUrWhDw=="
  "resolved" "https://registry.npmjs.org/source-map-js/-/source-map-js-1.0.2.tgz"
  "version" "1.0.2"

"sourcemap-codec@^1.4.8":
  "integrity" "sha512-9NykojV5Uih4lgo5So5dtw+f0JgJX30KCNI8gwhz2J9A15wD0Ml6tjHKwf6fTSa6fAdVBdZeNOs9eJ71qCk8vA=="
  "resolved" "https://registry.npmjs.org/sourcemap-codec/-/sourcemap-codec-1.4.8.tgz"
  "version" "1.4.8"

"supports-preserve-symlinks-flag@^1.0.0":
  "integrity" "sha512-ot0WnXS9fgdkgIcePe6RHNk1WA8+muPa6cSjeR3V8K27q9BB1rTE3R1p7Hv0z1ZyAc8s6Vvv8DIyWf681MAt0w=="
  "resolved" "https://registry.npmjs.org/supports-preserve-symlinks-flag/-/supports-preserve-symlinks-flag-1.0.0.tgz"
  "version" "1.0.0"

"svelte-hmr@^0.14.12":
  "integrity" "sha512-4QSW/VvXuqVcFZ+RhxiR8/newmwOCTlbYIezvkeN6302YFRE8cXy0naamHcjz8Y9Ce3ITTZtrHrIL0AGfyo61w=="
  "resolved" "https://registry.npmjs.org/svelte-hmr/-/svelte-hmr-0.14.12.tgz"
  "version" "0.14.12"

"svelte@^3.24", "svelte@^3.44.0", "svelte@^3.49.0", "svelte@>=3.19.0":
  "integrity" "sha512-+lmjic1pApJWDfPCpUUTc1m8azDqYCG1JN9YEngrx/hUyIcFJo6VZhj0A1Ai0wqoHcEIuQy+e9tk+4uDgdtsFA=="
  "resolved" "https://registry.npmjs.org/svelte/-/svelte-3.49.0.tgz"
  "version" "3.49.0"

"svelte2tsx@^0.5.12":
  "integrity" "sha512-JAwln2Gd6gQk8q/Qz91rk8msSqe4M2ABrku8YeDMsFnrqjPTWLnHYvxlXLAlHE5el1Q8sfExTePHF3xAZPh/mw=="
  "resolved" "https://registry.npmjs.org/svelte2tsx/-/svelte2tsx-0.5.13.tgz"
  "version" "0.5.13"
  dependencies:
    "dedent-js" "^1.0.1"
    "pascal-case" "^3.1.1"

"tslib@^2.0.3", "tslib@^2.1.0":
  "integrity" "sha512-d6xOpEDfsi2CZVlPQzGeux8XMwLT9hssAsaPYExaQMuYskwb+x1x7J371tWlbBdWHroy99KnVB6qIkUbs5X3UQ=="
  "resolved" "https://registry.npmjs.org/tslib/-/tslib-2.4.0.tgz"
  "version" "2.4.0"

"typescript@^4.1.2":
  "integrity" "sha512-goMHfm00nWPa8UvR/CPSvykqf6dVV8x/dp0c5mFTMTIu0u0FlGWRioyy7Nn0PGAdHxpJZnuO/ut+PpQ8UiHAig=="
  "resolved" "https://registry.npmjs.org/typescript/-/typescript-4.8.3.tgz"
  "version" "4.8.3"

"vite-plugin-remove-console@^1.1.0":
  "integrity" "sha512-FZ0gLEsRqgHPCl+blHpT3h004+InKrGddmBXTfs7Cj/xWY7FdHpL9Zc9kgjxh8zIzjZ/MblsPDDEqg5BVHIXDA=="
  "resolved" "https://registry.npmjs.org/vite-plugin-remove-console/-/vite-plugin-remove-console-1.1.0.tgz"
  "version" "1.1.0"

"vite@^3.0.0":
  "integrity" "sha512-bRvrt9Tw8EGW4jj64aYFTnVg134E8hgDxyl/eEHnxiGqYk7/pTPss6CWlurqPOUzqvEoZkZ58Ws+Iu8MB87iMA=="
  "resolved" "https://registry.npmjs.org/vite/-/vite-3.0.5.tgz"
  "version" "3.0.5"
  dependencies:
    "esbuild" "^0.14.47"
    "postcss" "^8.4.16"
    "resolve" "^1.22.1"
    "rollup" "^2.75.6"
  optionalDependencies:
    "fsevents" "~2.3.2"
